github.com/koykov/bitset v1.0.0 h1:2mEbAhKelhpdWqnpa+mR3HRhdMsto5od7ACOi6MIAmk=
github.com/koykov/bitset v1.0.0/go.mod h1:DVR3bH49c1oOcNtD38h+aQq7lp1ZY91cXmjOldlTk8A=
github.com/koykov/bytealg v1.0.3 h1:za9rkXplGzR3QrHYPS9hrAxRA0+ADtGntAGymmgfIpQ=
github.com/koykov/bytealg v1.0.3/go.mod h1:OXm+Nppt6hrH+Yrffh6U9Myuj1pB5Vscx4gjJFgTLr8=
github.com/koykov/bytebuf v1.0.6 h1:hDN8k5wf2syPhbo9Thv6avcv0dwvD9UCzb1u/XjRAl4=
github.com/koykov/bytebuf v1.0.6/go.mod h1:t7hgUDzQX1HxqPmRJuf2M9Z/mWIPFBSZKqFzZL5JgsQ=
github.com/koykov/byteconv v1.0.0 h1:C8NThxj3Vcmv7f1h384Ti7F9zjVDnOy9AZj9KxTaYqM=
github.com/koykov/byteconv v1.0.0/go.mod h1:viZknv/akQJrXOQS3bZu2U7TE+gjA03LFQpSsRExZR4=
github.com/koykov/byteptr v1.0.0 h1:tOMEM2qwfFOKTeMNgnzHKyBVWeXxiD1SduLlbzVKJJg=
github.com/koykov/byteptr v1.0.0/go.mod h1:SSRuU7v8JgUo1deHib6Za8s6ya1PQEG2gNpRVKsO3QM=
github.com/koykov/byteseq v1.0.1 h1:PbsGtxkUnvrqlwnjNxnRq5FDIvLXJg5CcN9yRuSQY7A=
github.com/koykov/byteseq v1.0.1/go.mod h1:JlIJ6P3/ocuGNRbTVyP0NVRS/ExofhOS8g7mtefjefw=
github.com/koykov/decoder v1.1.1 h1:vYPwIgGLrRMagqilsVLO7Lo9Wy32kB9Ux5cl4hSXQtE=
github.com/koykov/decoder v1.1.1/go.mod h1:qeQk1qrbuqY97DcnQ8MgD9lOv+o2LDiKcLFMrwR3/pM=
github.com/koykov/fastconv v1.0.2 h1:csOWpctD9OcpkfI07LEtqtolc4TT8Y6QG3zQvkTmhrQ=
github.com/koykov/fastconv v1.0.2/go.mod h1:9jOx5KRGe4UKHxGiDw5Yrp/qrqn2cRwH3xvFjqqCE3c=
github.com/koykov/halvector v1.0.5 h1:hjwrJwEwMC8Q3UGwSVGKjI/xVnSEuEiZrDegjP7Pa4E=
github.com/koykov/halvector v1.0.5/go.mod h1:K+OaszTYPiQ39nCsPefw5dqXdM9sgGjWZqDyG1eAczQ=
github.com/koykov/indirect v1.0.1 h1:1veVipIWBeklFHMvzuwhL82X5eDaJzN+hPeVGRvu22Y=
github.com/koykov/indirect v1.0.1/go.mod h1:2qWC0hrIHIexlKaqPA0VWEa0s2V/qxxNJv7XPncnh2I=
github.com/koykov/inspector v1.4.5 h1:2L5zTMQAlbdjyBfnpQvOvnG5HGDP8Ftr2xUQR1NPr3g=
github.com/koykov/inspector v1.4.5/go.mod h1:w047/qShAV7uuaICjJ6QeCpPNeCsK7gPPtyXnWFhj8A=
github.com/koykov/jsonvector v1.2.2 h1:q764JekxpFh8m/mRe/9vuh/S0eTjyCdGUKywNP9cMXU=
github.com/koykov/jsonvector v1.2.2/go.mod h1:Wzli47+lXMuT+qmPQWynkiKgC1MEo5FolXHavsxZX9Y=
github.com/koykov/urlvector v1.1.6 h1:BJpYPTm6GkpvAG9j69o6mQh/9OzXga6eXZ791W6IuYU=
github.com/koykov/urlvector v1.1.6/go.mod h1:5Oi56Get0QGrXb/TIwFEFhEw0igxq1HeSzs1m+rdcoQ=
github.com/koykov/vector v1.2.4 h1:1z4DYA3ek16VO83Ogv4TmGWj13RPRtvPlnRF3Gnfkrs=
github.com/koykov/vector v1.2.4/go.mod h1:taIaBTVvLApbghwTnYu71CQLGLV9i2OhAo48JIr+OJI=
github.com/koykov/vector_inspector v1.0.5 h1:/ZdizePVinVR+W5nUQUxUmqd2YJCcrLKNtCaigSDGoM=
github.com/koykov/vector_inspector v1.0.5/go.mod h1:knyG/0zfpWO0vvufXPUZBYJ9ImyvSgt7JPzRTuIY0XY=
github.com/koykov/x2bytes v1.0.1 h1:kfo9Pqmip+6s6zbQYgeNSgOA3UbyQNVmaCzkMrJdTME=
github.com/koykov/x2bytes v1.0.1/go.mod h1:5VHo/Vc0NsGBvzwg5wMrCNrI+fL+DbSUgFW4FVRzlzs=
github.com/koykov/xmlvector v1.0.2 h1:L8as06GJNLqrEl/YvWFj9Hb2IvnGxQrjRw/J3LyPXt8=
github.com/koykov/xmlvector v1.0.2/go.mod h1:AGwh1vlk9RXM/kSG65ndRgyftfKnYxoJmPWlUkZs8Fc=
github.com/koykov/yamlvector v0.0.0-20231021203106-95144bffe259 h1:/H7fq2OmZnYLcGTgmftVbK9o80+fYbmpP8fCboSK5RE=
github.com/koykov/yamlvector v0.0.0-20231021203106-95144bffe259/go.mod h1:w1tQ0vzGx5ulqyjj27g1R3B6XMCkIRMRTgZxMsGD0KQ=
golang.org/x/mod v0.12.0 h1:rmsUpXtvNzj340zd98LZ4KntptpfRHwpFOHG188oHXc=
golang.org/x/sys v0.10.0 h1:SqMFp9UcQJZa+pmYuAKjd9xq1f0j5rLcDIk0mj4qAsA=
golang.org/x/sys v0.10.0/go.mod h1:oPkhp1MJrh7nUepCBck5+mAzfO9JrbApNNgaTdGDITg=
golang.org/x/tools v0.11.1 h1:ojD5zOW8+7dOGzdnNgersm8aPfcDjhMp12UfG93NIMc=
golang.org/x/tools v0.11.1/go.mod h1:anzJrxPjNtfgiYQYirP2CPGzGLxrH2u2QBhn6Bf3qY8=
